
Microsoft Visual Studio Solution File, Format Version 12.00
# Visual Studio Version 18
VisualStudioVersion = 18.4.11612.150
MinimumVisualStudioVersion = 10.0.40219.1
Project("{FAE04EC0-301F-11D3-BF4B-00C04F79EFBC}") = "YoloOnnxWinform", "YoloOnnxWinform\YoloOnnxWinform.csproj", "{BD32FD7C-BA61-413B-832F-9F51392C43A0}"
EndProject
Project("{FAE04EC0-301F-11D3-BF4B-00C04F79EFBC}") = "CommImageControl", "CommImageControl\CommImageControl.csproj", "{BACEC3D6-3099-AAA2-F210-D956E3B5AE60}"
EndProject
Global
	GlobalSection(SolutionConfigurationPlatforms) = preSolution
		Debug|Any CPU = Debug|Any CPU
		Debug|x64 = Debug|x64
		Release|Any CPU = Release|Any CPU
		Release|x64 = Release|x64
	EndGlobalSection
	GlobalSection(ProjectConfigurationPlatforms) = postSolution
		{BD32FD7C-BA61-413B-832F-9F51392C43A0}.Debug|Any CPU.ActiveCfg = Debug|Any CPU
		{BD32FD7C-BA61-413B-832F-9F51392C43A0}.Debug|Any CPU.Build.0 = Debug|Any CPU
		{BD32FD7C-BA61-413B-832F-9F51392C43A0}.Debug|x64.ActiveCfg = Debug|x64
		{BD32FD7C-BA61-413B-832F-9F51392C43A0}.Debug|x64.Build.0 = Debug|x64
		{BD32FD7C-BA61-413B-832F-9F51392C43A0}.Release|Any CPU.ActiveCfg = Release|Any CPU
		{BD32FD7C-BA61-413B-832F-9F51392C43A0}.Release|Any CPU.Build.0 = Release|Any CPU
		{BD32FD7C-BA61-413B-832F-9F51392C43A0}.Release|x64.ActiveCfg = Release|x64
		{BD32FD7C-BA61-413B-832F-9F51392C43A0}.Release|x64.Build.0 = Release|x64
		{BACEC3D6-3099-AAA2-F210-D956E3B5AE60}.Debug|Any CPU.ActiveCfg = Debug|Any CPU
		{BACEC3D6-3099-AAA2-F210-D956E3B5AE60}.Debug|Any CPU.Build.0 = Debug|Any CPU
		{BACEC3D6-3099-AAA2-F210-D956E3B5AE60}.Debug|x64.ActiveCfg = Debug|x64
		{BACEC3D6-3099-AAA2-F210-D956E3B5AE60}.Debug|x64.Build.0 = Debug|x64
		{BACEC3D6-3099-AAA2-F210-D956E3B5AE60}.Release|Any CPU.ActiveCfg = Release|Any CPU
		{BACEC3D6-3099-AAA2-F210-D956E3B5AE60}.Release|Any CPU.Build.0 = Release|Any CPU
		{BACEC3D6-3099-AAA2-F210-D956E3B5AE60}.Release|x64.ActiveCfg = Release|x64
		{BACEC3D6-3099-AAA2-F210-D956E3B5AE60}.Release|x64.Build.0 = Release|x64
	EndGlobalSection
	GlobalSection(SolutionProperties) = preSolution
		HideSolutionNode = FALSE
	EndGlobalSection
	GlobalSection(ExtensibilityGlobals) = postSolution
		SolutionGuid = {4DF02587-C02A-40AD-8F55-CF8338E7D6DF}
	EndGlobalSection
EndGlobal
